// !$*UTF8*$!
{
	archiveVersion = 1;
	classes = {
	};
	objectVersion = 46;
	objects = {

/* Begin PBXBuildFile section */
		396CADB818B3D2F900039F58 /* Foundation.framework in Frameworks */ = {isa = PBXBuildFile; fileRef = 396CADB718B3D2F900039F58 /* Foundation.framework */; };
		396CADBA18B3D2F900039F58 /* CoreGraphics.framework in Frameworks */ = {isa = PBXBuildFile; fileRef = 396CADB918B3D2F900039F58 /* CoreGraphics.framework */; };
		396CADBC18B3D2F900039F58 /* UIKit.framework in Frameworks */ = {isa = PBXBuildFile; fileRef = 396CADBB18B3D2F900039F58 /* UIKit.framework */; };
		396CADC218B3D2F900039F58 /* InfoPlist.strings in Resources */ = {isa = PBXBuildFile; fileRef = 396CADC018B3D2F900039F58 /* InfoPlist.strings */; };
		396CADC418B3D2F900039F58 /* main.m in Sources */ = {isa = PBXBuildFile; fileRef = 396CADC318B3D2F900039F58 /* main.m */; };
		396CADC818B3D2F900039F58 /* JRAppDelegate.m in Sources */ = {isa = PBXBuildFile; fileRef = 396CADC718B3D2F900039F58 /* JRAppDelegate.m */; };
		396CADCB18B3D2F900039F58 /* Main.storyboard in Resources */ = {isa = PBXBuildFile; fileRef = 396CADC918B3D2F900039F58 /* Main.storyboard */; };
		396CADCE18B3D2FA00039F58 /* JRViewController.m in Sources */ = {isa = PBXBuildFile; fileRef = 396CADCD18B3D2FA00039F58 /* JRViewController.m */; };
		396CADD018B3D2FA00039F58 /* Images.xcassets in Resources */ = {isa = PBXBuildFile; fileRef = 396CADCF18B3D2FA00039F58 /* Images.xcassets */; };
		396CADD718B3D2FA00039F58 /* XCTest.framework in Frameworks */ = {isa = PBXBuildFile; fileRef = 396CADD618B3D2FA00039F58 /* XCTest.framework */; };
		396CADD818B3D2FA00039F58 /* Foundation.framework in Frameworks */ = {isa = PBXBuildFile; fileRef = 396CADB718B3D2F900039F58 /* Foundation.framework */; };
		396CADD918B3D2FA00039F58 /* UIKit.framework in Frameworks */ = {isa = PBXBuildFile; fileRef = 396CADBB18B3D2F900039F58 /* UIKit.framework */; };
		396CADE118B3D2FA00039F58 /* InfoPlist.strings in Resources */ = {isa = PBXBuildFile; fileRef = 396CADDF18B3D2FA00039F58 /* InfoPlist.strings */; };
		396CADE318B3D2FA00039F58 /* JackrabbitRefreshTests.m in Sources */ = {isa = PBXBuildFile; fileRef = 396CADE218B3D2FA00039F58 /* JackrabbitRefreshTests.m */; };
		396CADEF18B3D3A700039F58 /* JRTableViewController.m in Sources */ = {isa = PBXBuildFile; fileRef = 396CADEE18B3D3A700039F58 /* JRTableViewController.m */; };
		396CADF518B3DC1700039F58 /* compass_spinner@2x.png in Resources */ = {isa = PBXBuildFile; fileRef = 396CADF318B3DC1700039F58 /* compass_spinner@2x.png */; };
		396CADF618B3DC1700039F58 /* compass_background@2x.png in Resources */ = {isa = PBXBuildFile; fileRef = 396CADF418B3DC1700039F58 /* compass_background@2x.png */; };
		396CADF818B3EDFE00039F58 /* map-background-fade@2x.png in Resources */ = {isa = PBXBuildFile; fileRef = 396CADF718B3EDFE00039F58 /* map-background-fade@2x.png */; };
		396CADFA18B3EE3700039F58 /* map-background@2x.png in Resources */ = {isa = PBXBuildFile; fileRef = 396CADF918B3EE3700039F58 /* map-background@2x.png */; };
		E4CBE8BC1AC7E07B0012723C /* JRRefreshControl.m in Sources */ = {isa = PBXBuildFile; fileRef = E4CBE8BB1AC7E07B0012723C /* JRRefreshControl.m */; };
/* End PBXBuildFile section */

/* Begin PBXContainerItemProxy section */
		396CADDA18B3D2FA00039F58 /* PBXContainerItemProxy */ = {
			isa = PBXContainerItemProxy;
			containerPortal = 396CADAC18B3D2F900039F58 /* Project object */;
			proxyType = 1;
			remoteGlobalIDString = 396CADB318B3D2F900039F58;
			remoteInfo = JackrabbitRefresh;
		};
/* End PBXContainerItemProxy section */

/* Begin PBXFileReference section */
		396CADB418B3D2F900039F58 /* JackrabbitRefresh.app */ = {isa = PBXFileReference; explicitFileType = wrapper.application; includeInIndex = 0; path = JackrabbitRefresh.app; sourceTree = BUILT_PRODUCTS_DIR; };
		396CADB718B3D2F900039F58 /* Foundation.framework */ = {isa = PBXFileReference; lastKnownFileType = wrapper.framework; name = Foundation.framework; path = System/Library/Frameworks/Foundation.framework; sourceTree = SDKROOT; };
		396CADB918B3D2F900039F58 /* CoreGraphics.framework */ = {isa = PBXFileReference; lastKnownFileType = wrapper.framework; name = CoreGraphics.framework; path = System/Library/Frameworks/CoreGraphics.framework; sourceTree = SDKROOT; };
		396CADBB18B3D2F900039F58 /* UIKit.framework */ = {isa = PBXFileReference; lastKnownFileType = wrapper.framework; name = UIKit.framework; path = System/Library/Frameworks/UIKit.framework; sourceTree = SDKROOT; };
		396CADBF18B3D2F900039F58 /* JackrabbitRefresh-Info.plist */ = {isa = PBXFileReference; lastKnownFileType = text.plist.xml; path = "JackrabbitRefresh-Info.plist"; sourceTree = "<group>"; };
		396CADC118B3D2F900039F58 /* en */ = {isa = PBXFileReference; lastKnownFileType = text.plist.strings; name = en; path = en.lproj/InfoPlist.strings; sourceTree = "<group>"; };
		396CADC318B3D2F900039F58 /* main.m */ = {isa = PBXFileReference; lastKnownFileType = sourcecode.c.objc; path = main.m; sourceTree = "<group>"; };
		396CADC518B3D2F900039F58 /* JackrabbitRefresh-Prefix.pch */ = {isa = PBXFileReference; lastKnownFileType = sourcecode.c.h; path = "JackrabbitRefresh-Prefix.pch"; sourceTree = "<group>"; };
		396CADC618B3D2F900039F58 /* JRAppDelegate.h */ = {isa = PBXFileReference; lastKnownFileType = sourcecode.c.h; path = JRAppDelegate.h; sourceTree = "<group>"; };
		396CADC718B3D2F900039F58 /* JRAppDelegate.m */ = {isa = PBXFileReference; lastKnownFileType = sourcecode.c.objc; path = JRAppDelegate.m; sourceTree = "<group>"; };
		396CADCA18B3D2F900039F58 /* Base */ = {isa = PBXFileReference; lastKnownFileType = file.storyboard; name = Base; path = Base.lproj/Main.storyboard; sourceTree = "<group>"; };
		396CADCC18B3D2F900039F58 /* JRViewController.h */ = {isa = PBXFileReference; lastKnownFileType = sourcecode.c.h; path = JRViewController.h; sourceTree = "<group>"; };
		396CADCD18B3D2FA00039F58 /* JRViewController.m */ = {isa = PBXFileReference; lastKnownFileType = sourcecode.c.objc; path = JRViewController.m; sourceTree = "<group>"; };
		396CADCF18B3D2FA00039F58 /* Images.xcassets */ = {isa = PBXFileReference; lastKnownFileType = folder.assetcatalog; path = Images.xcassets; sourceTree = "<group>"; };
		396CADD518B3D2FA00039F58 /* JackrabbitRefreshTests.xctest */ = {isa = PBXFileReference; explicitFileType = wrapper.cfbundle; includeInIndex = 0; path = JackrabbitRefreshTests.xctest; sourceTree = BUILT_PRODUCTS_DIR; };
		396CADD618B3D2FA00039F58 /* XCTest.framework */ = {isa = PBXFileReference; lastKnownFileType = wrapper.framework; name = XCTest.framework; path = Library/Frameworks/XCTest.framework; sourceTree = DEVELOPER_DIR; };
		396CADDE18B3D2FA00039F58 /* JackrabbitRefreshTests-Info.plist */ = {isa = PBXFileReference; lastKnownFileType = text.plist.xml; path = "JackrabbitRefreshTests-Info.plist"; sourceTree = "<group>"; };
		396CADE018B3D2FA00039F58 /* en */ = {isa = PBXFileReference; lastKnownFileType = text.plist.strings; name = en; path = en.lproj/InfoPlist.strings; sourceTree = "<group>"; };
		396CADE218B3D2FA00039F58 /* JackrabbitRefreshTests.m */ = {isa = PBXFileReference; lastKnownFileType = sourcecode.c.objc; path = JackrabbitRefreshTests.m; sourceTree = "<group>"; };
		396CADEC18B3D35E00039F58 /* Common.h */ = {isa = PBXFileReference; fileEncoding = 4; lastKnownFileType = sourcecode.c.h; path = Common.h; sourceTree = "<group>"; };
		396CADED18B3D3A700039F58 /* JRTableViewController.h */ = {isa = PBXFileReference; fileEncoding = 4; lastKnownFileType = sourcecode.c.h; path = JRTableViewController.h; sourceTree = "<group>"; };
		396CADEE18B3D3A700039F58 /* JRTableViewController.m */ = {isa = PBXFileReference; fileEncoding = 4; lastKnownFileType = sourcecode.c.objc; path = JRTableViewController.m; sourceTree = "<group>"; };
		396CADF318B3DC1700039F58 /* compass_spinner@2x.png */ = {isa = PBXFileReference; lastKnownFileType = image.png; path = "compass_spinner@2x.png"; sourceTree = "<group>"; };
		396CADF418B3DC1700039F58 /* compass_background@2x.png */ = {isa = PBXFileReference; lastKnownFileType = image.png; path = "compass_background@2x.png"; sourceTree = "<group>"; };
		396CADF718B3EDFE00039F58 /* map-background-fade@2x.png */ = {isa = PBXFileReference; lastKnownFileType = image.png; path = "map-background-fade@2x.png"; sourceTree = "<group>"; };
		396CADF918B3EE3700039F58 /* map-background@2x.png */ = {isa = PBXFileReference; lastKnownFileType = image.png; path = "map-background@2x.png"; sourceTree = "<group>"; };
		E4CBE8BA1AC7E07B0012723C /* JRRefreshControl.h */ = {isa = PBXFileReference; fileEncoding = 4; lastKnownFileType = sourcecode.c.h; path = JRRefreshControl.h; sourceTree = "<group>"; };
		E4CBE8BB1AC7E07B0012723C /* JRRefreshControl.m */ = {isa = PBXFileReference; fileEncoding = 4; lastKnownFileType = sourcecode.c.objc; path = JRRefreshControl.m; sourceTree = "<group>"; };
/* End PBXFileReference section */

/* Begin PBXFrameworksBuildPhase section */
		396CADB118B3D2F900039F58 /* Frameworks */ = {
			isa = PBXFrameworksBuildPhase;
			buildActionMask = 2147483647;
			files = (
				396CADBA18B3D2F900039F58 /* CoreGraphics.framework in Frameworks */,
				396CADBC18B3D2F900039F58 /* UIKit.framework in Frameworks */,
				396CADB818B3D2F900039F58 /* Foundation.framework in Frameworks */,
			);
			runOnlyForDeploymentPostprocessing = 0;
		};
		396CADD218B3D2FA00039F58 /* Frameworks */ = {
			isa = PBXFrameworksBuildPhase;
			buildActionMask = 2147483647;
			files = (
				396CADD718B3D2FA00039F58 /* XCTest.framework in Frameworks */,
				396CADD918B3D2FA00039F58 /* UIKit.framework in Frameworks */,
				396CADD818B3D2FA00039F58 /* Foundation.framework in Frameworks */,
			);
			runOnlyForDeploymentPostprocessing = 0;
		};
/* End PBXFrameworksBuildPhase section */

/* Begin PBXGroup section */
		396CADAB18B3D2F900039F58 = {
			isa = PBXGroup;
			children = (
				396CADBD18B3D2F900039F58 /* JackrabbitRefresh */,
				396CADDC18B3D2FA00039F58 /* JackrabbitRefreshTests */,
				396CADB618B3D2F900039F58 /* Frameworks */,
				396CADB518B3D2F900039F58 /* Products */,
			);
			sourceTree = "<group>";
		};
		396CADB518B3D2F900039F58 /* Products */ = {
			isa = PBXGroup;
			children = (
				396CADB418B3D2F900039F58 /* JackrabbitRefresh.app */,
				396CADD518B3D2FA00039F58 /* JackrabbitRefreshTests.xctest */,
			);
			name = Products;
			sourceTree = "<group>";
		};
		396CADB618B3D2F900039F58 /* Frameworks */ = {
			isa = PBXGroup;
			children = (
				396CADB718B3D2F900039F58 /* Foundation.framework */,
				396CADB918B3D2F900039F58 /* CoreGraphics.framework */,
				396CADBB18B3D2F900039F58 /* UIKit.framework */,
				396CADD618B3D2FA00039F58 /* XCTest.framework */,
			);
			name = Frameworks;
			sourceTree = "<group>";
		};
		396CADBD18B3D2F900039F58 /* JackrabbitRefresh */ = {
			isa = PBXGroup;
			children = (
				396CADC618B3D2F900039F58 /* JRAppDelegate.h */,
				396CADC718B3D2F900039F58 /* JRAppDelegate.m */,
				396CADC918B3D2F900039F58 /* Main.storyboard */,
				396CADCC18B3D2F900039F58 /* JRViewController.h */,
				396CADCD18B3D2FA00039F58 /* JRViewController.m */,
				396CADED18B3D3A700039F58 /* JRTableViewController.h */,
				396CADEE18B3D3A700039F58 /* JRTableViewController.m */,
				396CADEC18B3D35E00039F58 /* Common.h */,
				E4CBE8BA1AC7E07B0012723C /* JRRefreshControl.h */,
				E4CBE8BB1AC7E07B0012723C /* JRRefreshControl.m */,
				396CADF318B3DC1700039F58 /* compass_spinner@2x.png */,
				396CADF418B3DC1700039F58 /* compass_background@2x.png */,
				396CADF718B3EDFE00039F58 /* map-background-fade@2x.png */,
				396CADF918B3EE3700039F58 /* map-background@2x.png */,
				396CADCF18B3D2FA00039F58 /* Images.xcassets */,
				396CADBE18B3D2F900039F58 /* Supporting Files */,
			);
			path = JackrabbitRefresh;
			sourceTree = "<group>";
		};
		396CADBE18B3D2F900039F58 /* Supporting Files */ = {
			isa = PBXGroup;
			children = (
				396CADBF18B3D2F900039F58 /* JackrabbitRefresh-Info.plist */,
				396CADC018B3D2F900039F58 /* InfoPlist.strings */,
				396CADC318B3D2F900039F58 /* main.m */,
				396CADC518B3D2F900039F58 /* JackrabbitRefresh-Prefix.pch */,
			);
			name = "Supporting Files";
			sourceTree = "<group>";
		};
		396CADDC18B3D2FA00039F58 /* JackrabbitRefreshTests */ = {
			isa = PBXGroup;
			children = (
				396CADE218B3D2FA00039F58 /* JackrabbitRefreshTests.m */,
				396CADDD18B3D2FA00039F58 /* Supporting Files */,
			);
			path = JackrabbitRefreshTests;
			sourceTree = "<group>";
		};
		396CADDD18B3D2FA00039F58 /* Supporting Files */ = {
			isa = PBXGroup;
			children = (
				396CADDE18B3D2FA00039F58 /* JackrabbitRefreshTests-Info.plist */,
				396CADDF18B3D2FA00039F58 /* InfoPlist.strings */,
			);
			name = "Supporting Files";
			sourceTree = "<group>";
		};
/* End PBXGroup section */

/* Begin PBXNativeTarget section */
		396CADB318B3D2F900039F58 /* JackrabbitRefresh */ = {
			isa = PBXNativeTarget;
			buildConfigurationList = 396CADE618B3D2FA00039F58 /* Build configuration list for PBXNativeTarget "JackrabbitRefresh" */;
			buildPhases = (
				396CADB018B3D2F900039F58 /* Sources */,
				396CADB118B3D2F900039F58 /* Frameworks */,
				396CADB218B3D2F900039F58 /* Resources */,
			);
			buildRules = (
			);
			dependencies = (
			);
			name = JackrabbitRefresh;
			productName = JackrabbitRefresh;
			productReference = 396CADB418B3D2F900039F58 /* JackrabbitRefresh.app */;
			productType = "com.apple.product-type.application";
		};
		396CADD418B3D2FA00039F58 /* JackrabbitRefreshTests */ = {
			isa = PBXNativeTarget;
			buildConfigurationList = 396CADE918B3D2FA00039F58 /* Build configuration list for PBXNativeTarget "JackrabbitRefreshTests" */;
			buildPhases = (
				396CADD118B3D2FA00039F58 /* Sources */,
				396CADD218B3D2FA00039F58 /* Frameworks */,
				396CADD318B3D2FA00039F58 /* Resources */,
			);
			buildRules = (
			);
			dependencies = (
				396CADDB18B3D2FA00039F58 /* PBXTargetDependency */,
			);
			name = JackrabbitRefreshTests;
			productName = JackrabbitRefreshTests;
			productReference = 396CADD518B3D2FA00039F58 /* JackrabbitRefreshTests.xctest */;
			productType = "com.apple.product-type.bundle.unit-test";
		};
/* End PBXNativeTarget section */

/* Begin PBXProject section */
		396CADAC18B3D2F900039F58 /* Project object */ = {
			isa = PBXProject;
			attributes = {
				CLASSPREFIX = JR;
				LastUpgradeCheck = 0500;
				ORGANIZATIONNAME = "Jackrabbit Mobile";
				TargetAttributes = {
					396CADD418B3D2FA00039F58 = {
						TestTargetID = 396CADB318B3D2F900039F58;
					};
				};
			};
			buildConfigurationList = 396CADAF18B3D2F900039F58 /* Build configuration list for PBXProject "JackrabbitRefresh" */;
			compatibilityVersion = "Xcode 3.2";
			developmentRegion = English;
			hasScannedForEncodings = 0;
			knownRegions = (
				en,
				Base,
			);
			mainGroup = 396CADAB18B3D2F900039F58;
			productRefGroup = 396CADB518B3D2F900039F58 /* Products */;
			projectDirPath = "";
			projectRoot = "";
			targets = (
				396CADB318B3D2F900039F58 /* JackrabbitRefresh */,
				396CADD418B3D2FA00039F58 /* JackrabbitRefreshTests */,
			);
		};
/* End PBXProject section */

/* Begin PBXResourcesBuildPhase section */
		396CADB218B3D2F900039F58 /* Resources */ = {
			isa = PBXResourcesBuildPhase;
			buildActionMask = 2147483647;
			files = (
				396CADF618B3DC1700039F58 /* compass_background@2x.png in Resources */,
				396CADF818B3EDFE00039F58 /* map-background-fade@2x.png in Resources */,
				396CADD018B3D2FA00039F58 /* Images.xcassets in Resources */,
				396CADC218B3D2F900039F58 /* InfoPlist.strings in Resources */,
				396CADCB18B3D2F900039F58 /* Main.storyboard in Resources */,
				396CADF518B3DC1700039F58 /* compass_spinner@2x.png in Resources */,
				396CADFA18B3EE3700039F58 /* map-background@2x.png in Resources */,
			);
			runOnlyForDeploymentPostprocessing = 0;
		};
		396CADD318B3D2FA00039F58 /* Resources */ = {
			isa = PBXResourcesBuildPhase;
			buildActionMask = 2147483647;
			files = (
				396CADE118B3D2FA00039F58 /* InfoPlist.strings in Resources */,
			);
			runOnlyForDeploymentPostprocessing = 0;
		};
/* End PBXResourcesBuildPhase section */

/* Begin PBXSourcesBuildPhase section */
		396CADB018B3D2F900039F58 /* Sources */ = {
			isa = PBXSourcesBuildPhase;
			buildActionMask = 2147483647;
			files = (
				E4CBE8BC1AC7E07B0012723C /* JRRefreshControl.m in Sources */,
				396CADC818B3D2F900039F58 /* JRAppDelegate.m in Sources */,
				396CADEF18B3D3A700039F58 /* JRTableViewController.m in Sources */,
				396CADCE18B3D2FA00039F58 /* JRViewController.m in Sources */,
				396CADC418B3D2F900039F58 /* main.m in Sources */,
			);
			runOnlyForDeploymentPostprocessing = 0;
		};
		396CADD118B3D2FA00039F58 /* Sources */ = {
			isa = PBXSourcesBuildPhase;
			buildActionMask = 2147483647;
			files = (
				396CADE318B3D2FA00039F58 /* JackrabbitRefreshTests.m in Sources */,
			);
			runOnlyForDeploymentPostprocessing = 0;
		};
/* End PBXSourcesBuildPhase section */

/* Begin PBXTargetDependency section */
		396CADDB18B3D2FA00039F58 /* PBXTargetDependency */ = {
			isa = PBXTargetDependency;
			target = 396CADB318B3D2F900039F58 /* JackrabbitRefresh */;
			targetProxy = 396CADDA18B3D2FA00039F58 /* PBXContainerItemProxy */;
		};
/* End PBXTargetDependency section */

/* Begin PBXVariantGroup section */
		396CADC018B3D2F900039F58 /* InfoPlist.strings */ = {
			isa = PBXVariantGroup;
			children = (
				396CADC118B3D2F900039F58 /* en */,
			);
			name = InfoPlist.strings;
			sourceTree = "<group>";
		};
		396CADC918B3D2F900039F58 /* Main.storyboard */ = {
			isa = PBXVariantGroup;
			children = (
				396CADCA18B3D2F900039F58 /* Base */,
			);
			name = Main.storyboard;
			sourceTree = "<group>";
		};
		396CADDF18B3D2FA00039F58 /* InfoPlist.strings */ = {
			isa = PBXVariantGroup;
			children = (
				396CADE018B3D2FA00039F58 /* en */,
			);
			name = InfoPlist.strings;
			sourceTree = "<group>";
		};
/* End PBXVariantGroup section */

/* Begin XCBuildConfiguration section */
		396CADE418B3D2FA00039F58 /* Debug */ = {
			isa = XCBuildConfiguration;
			buildSettings = {
				ALWAYS_SEARCH_USER_PATHS = NO;
				ARCHS = "$(ARCHS_STANDARD_INCLUDING_64_BIT)";
				CLANG_CXX_LANGUAGE_STANDARD = "gnu++0x";
				CLANG_CXX_LIBRARY = "libc++";
				CLANG_ENABLE_MODULES = YES;
				CLANG_ENABLE_OBJC_ARC = YES;
				CLANG_WARN_BOOL_CONVERSION = YES;
				CLANG_WARN_CONSTANT_CONVERSION = YES;
				CLANG_WARN_DIRECT_OBJC_ISA_USAGE = YES_ERROR;
				CLANG_WARN_EMPTY_BODY = YES;
				CLANG_WARN_ENUM_CONVERSION = YES;
				CLANG_WARN_INT_CONVERSION = YES;
				CLANG_WARN_OBJC_ROOT_CLASS = YES_ERROR;
				CLANG_WARN__DUPLICATE_METHOD_MATCH = YES;
				"CODE_SIGN_IDENTITY[sdk=iphoneos*]" = "iPhone Developer";
				COPY_PHASE_STRIP = NO;
				GCC_C_LANGUAGE_STANDARD = gnu99;
				GCC_DYNAMIC_NO_PIC = NO;
				GCC_OPTIMIZATION_LEVEL = 0;
				GCC_PREPROCESSOR_DEFINITIONS = (
					"DEBUG=1",
					"$(inherited)",
				);
				GCC_SYMBOLS_PRIVATE_EXTERN = NO;
				GCC_WARN_64_TO_32_BIT_CONVERSION = YES;
				GCC_WARN_ABOUT_RETURN_TYPE = YES_ERROR;
				GCC_WARN_UNDECLARED_SELECTOR = YES;
				GCC_WARN_UNINITIALIZED_AUTOS = YES;
				GCC_WARN_UNUSED_FUNCTION = YES;
				GCC_WARN_UNUSED_VARIABLE = YES;
				IPHONEOS_DEPLOYMENT_TARGET = 7.0;
				ONLY_ACTIVE_ARCH = YES;
				SDKROOT = iphoneos;
			};
			name = Debug;
		};
		396CADE518B3D2FA00039F58 /* Release */ = {
			isa = XCBuildConfiguration;
			buildSettings = {
				ALWAYS_SEARCH_USER_PATHS = NO;
				ARCHS = "$(ARCHS_STANDARD_INCLUDING_64_BIT)";
				CLANG_CXX_LANGUAGE_STANDARD = "gnu++0x";
				CLANG_CXX_LIBRARY = "libc++";
				CLANG_ENABLE_MODULES = YES;
				CLANG_ENABLE_OBJC_ARC = YES;
				CLANG_WARN_BOOL_CONVERSION = YES;
				CLANG_WARN_CONSTANT_CONVERSION = YES;
				CLANG_WARN_DIRECT_OBJC_ISA_USAGE = YES_ERROR;
				CLANG_WARN_EMPTY_BODY = YES;
				CLANG_WARN_ENUM_CONVERSION = YES;
				CLANG_WARN_INT_CONVERSION = YES;
				CLANG_WARN_OBJC_ROOT_CLASS = YES_ERROR;
				CLANG_WARN__DUPLICATE_METHOD_MATCH = YES;
				"CODE_SIGN_IDENTITY[sdk=iphoneos*]" = "iPhone Developer";
				COPY_PHASE_STRIP = YES;
				ENABLE_NS_ASSERTIONS = NO;
				GCC_C_LANGUAGE_STANDARD = gnu99;
				GCC_WARN_64_TO_32_BIT_CONVERSION = YES;
				GCC_WARN_ABOUT_RETURN_TYPE = YES_ERROR;
				GCC_WARN_UNDECLARED_SELECTOR = YES;
				GCC_WARN_UNINITIALIZED_AUTOS = YES;
				GCC_WARN_UNUSED_FUNCTION = YES;
				GCC_WARN_UNUSED_VARIABLE = YES;
				IPHONEOS_DEPLOYMENT_TARGET = 7.0;
				SDKROOT = iphoneos;
				VALIDATE_PRODUCT = YES;
			};
			name = Release;
		};
		396CADE718B3D2FA00039F58 /* Debug */ = {
			isa = XCBuildConfiguration;
			buildSettings = {
				ASSETCATALOG_COMPILER_APPICON_NAME = AppIcon;
				ASSETCATALOG_COMPILER_LAUNCHIMAGE_NAME = LaunchImage;
				GCC_PRECOMPILE_PREFIX_HEADER = YES;
				GCC_PREFIX_HEADER = "JackrabbitRefresh/JackrabbitRefresh-Prefix.pch";
				INFOPLIST_FILE = "JackrabbitRefresh/JackrabbitRefresh-Info.plist";
				PRODUCT_NAME = "$(TARGET_NAME)";
				WRAPPER_EXTENSION = app;
			};
			name = Debug;
		};
		396CADE818B3D2FA00039F58 /* Release */ = {
			isa = XCBuildConfiguration;
			buildSettings = {
				ASSETCATALOG_COMPILER_APPICON_NAME = AppIcon;
				ASSETCATALOG_COMPILER_LAUNCHIMAGE_NAME = LaunchImage;
				GCC_PRECOMPILE_PREFIX_HEADER = YES;
				GCC_PREFIX_HEADER = "JackrabbitRefresh/JackrabbitRefresh-Prefix.pch";
				INFOPLIST_FILE = "JackrabbitRefresh/JackrabbitRefresh-Info.plist";
				PRODUCT_NAME = "$(TARGET_NAME)";
				WRAPPER_EXTENSION = app;
			};
			name = Release;
		};
		396CADEA18B3D2FA00039F58 /* Debug */ = {
			isa = XCBuildConfiguration;
			buildSettings = {
				ARCHS = "$(ARCHS_STANDARD_INCLUDING_64_BIT)";
				BUNDLE_LOADER = "$(BUILT_PRODUCTS_DIR)/JackrabbitRefresh.app/JackrabbitRefresh";
				FRAMEWORK_SEARCH_PATHS = (
					"$(SDKROOT)/Developer/Library/Frameworks",
					"$(inherited)",
					"$(DEVELOPER_FRAMEWORKS_DIR)",
				);
				GCC_PRECOMPILE_PREFIX_HEADER = YES;
				GCC_PREFIX_HEADER = "JackrabbitRefresh/JackrabbitRefresh-Prefix.pch";
				GCC_PREPROCESSOR_DEFINITIONS = (
					"DEBUG=1",
					"$(inherited)",
				);
				INFOPLIST_FILE = "JackrabbitRefreshTests/JackrabbitRefreshTests-Info.plist";
				PRODUCT_NAME = "$(TARGET_NAME)";
				TEST_HOST = "$(BUNDLE_LOADER)";
				WRAPPER_EXTENSION = xctest;
			};
			name = Debug;
		};
		396CADEB18B3D2FA00039F58 /* Release */ = {
			isa = XCBuildConfiguration;
			buildSettings = {
				ARCHS = "$(ARCHS_STANDARD_INCLUDING_64_BIT)";
				BUNDLE_LOADER = "$(BUILT_PRODUCTS_DIR)/JackrabbitRefresh.app/JackrabbitRefresh";
				FRAMEWORK_SEARCH_PATHS = (
					"$(SDKROOT)/Developer/Library/Frameworks",
					"$(inherited)",
					"$(DEVELOPER_FRAMEWORKS_DIR)",
				);
				GCC_PRECOMPILE_PREFIX_HEADER = YES;
				GCC_PREFIX_HEADER = "JackrabbitRefresh/JackrabbitRefresh-Prefix.pch";
				INFOPLIST_FILE = "JackrabbitRefreshTests/JackrabbitRefreshTests-Info.plist";
				PRODUCT_NAME = "$(TARGET_NAME)";
				TEST_HOST = "$(BUNDLE_LOADER)";
				WRAPPER_EXTENSION = xctest;
			};
			name = Release;
		};
/* End XCBuildConfiguration section */

/* Begin XCConfigurationList section */
		396CADAF18B3D2F900039F58 /* Build configuration list for PBXProject "JackrabbitRefresh" */ = {
			isa = XCConfigurationList;
			buildConfigurations = (
				396CADE418B3D2FA00039F58 /* Debug */,
				396CADE518B3D2FA00039F58 /* Release */,
			);
			defaultConfigurationIsVisible = 0;
			defaultConfigurationName = Release;
		};
		396CADE618B3D2FA00039F58 /* Build configuration list for PBXNativeTarget "JackrabbitRefresh" */ = {
			isa = XCConfigurationList;
			buildConfigurations = (
				396CADE718B3D2FA00039F58 /* Debug */,
				396CADE818B3D2FA00039F58 /* Release */,
			);
			defaultConfigurationIsVisible = 0;
			defaultConfigurationName = Release;
		};
		396CADE918B3D2FA00039F58 /* Build configuration list for PBXNativeTarget "JackrabbitRefreshTests" */ = {
			isa = XCConfigurationList;
			buildConfigurations = (
				396CADEA18B3D2FA00039F58 /* Debug */,
				396CADEB18B3D2FA00039F58 /* Release */,
			);
			defaultConfigurationIsVisible = 0;
			defaultConfigurationName = Release;
		};
/* End XCConfigurationList section */
	};
	rootObject = 396CADAC18B3D2F900039F58 /* Project object */;
}
